
Microsoft Visual Studio Solution File, Format Version 12.00
# Visual Studio Version 17
VisualStudioVersion = 17.8.34511.84
MinimumVisualStudioVersion = 10.0.40219.1
Project("{FAE04EC0-301F-11D3-BF4B-00C04F79EFBC}") = "SimpleBlog_Test", "SimpleBlog_Test\SimpleBlog_Test.csproj", "{60D8AD50-E0B2-468A-B4F3-639A01084F1B}"
EndProject
Global
	GlobalSection(SolutionConfigurationPlatforms) = preSolution
		Debug|Any CPU = Debug|Any CPU
		Release|Any CPU = Release|Any CPU
	EndGlobalSection
	GlobalSection(ProjectConfigurationPlatforms) = postSolution
		{60D8AD50-E0B2-468A-B4F3-639A01084F1B}.Debug|Any CPU.ActiveCfg = Debug|Any CPU
		{60D8AD50-E0B2-468A-B4F3-639A01084F1B}.Debug|Any CPU.Build.0 = Debug|Any CPU
		{60D8AD50-E0B2-468A-B4F3-639A01084F1B}.Release|Any CPU.ActiveCfg = Release|Any CPU
		{60D8AD50-E0B2-468A-B4F3-639A01084F1B}.Release|Any CPU.Build.0 = Release|Any CPU
	EndGlobalSection
	GlobalSection(SolutionProperties) = preSolution
		HideSolutionNode = FALSE
	EndGlobalSection
	GlobalSection(ExtensibilityGlobals) = postSolution
		SolutionGuid = {536A73C9-2961-4E8C-A0AA-5DBA2C638ED7}
	EndGlobalSection
EndGlobal
